{
  "name": "aliyun-amqp-node-cli",
  "version": "1.0.0",
  "lockfileVersion": 1,
  "requires": true,
  "dependencies": {
    "@types/node": {
      "version": "11.9.4",
      "resolved": "https://registry.npmjs.org/@types/node/-/node-11.9.4.tgz",
      "integrity": "sha512-Zl8dGvAcEmadgs1tmSPcvwzO1YRsz38bVJQvH1RvRqSR9/5n61Q1ktcDL0ht3FXWR+ZpVmXVwN1LuH4Ax23NsA==",
      "dev": true
    },
    "crypto-js": {
      "version": "3.1.9-1",
      "resolved": "http://registry.npm.alibaba-inc.com/crypto-js/download/crypto-js-3.1.9-1.tgz"
    },
    "js-base64": {
      "version": "2.5.1",
      "resolved": "http://registry.npm.alibaba-inc.com/js-base64/download/js-base64-2.5.1.tgz"
    },
    "tslib": {
      "version": "1.9.3",
      "resolved": "http://registry.npm.alibaba-inc.com/tslib/download/tslib-1.9.3.tgz",
      "dev": true
    },
    "tslint": {
      "version": "5.12.1",
      "resolved": "http://registry.npm.alibaba-inc.com/tslint/download/tslint-5.12.1.tgz",
      "dev": true,
      "requires": {
        "tslib": "^1.8.0"
      },
      "dependencies": {
        "babel-code-frame": {
          "version": "http://registry.npm.alibaba-inc.com/babel-code-frame/download/babel-code-frame-6.26.0.tgz"
        },
        "builtin-modules": {
          "version": "http://registry.npm.alibaba-inc.com/builtin-modules/download/builtin-modules-1.1.1.tgz"
        },
        "chalk": {
          "version": "http://registry.npm.alibaba-inc.com/chalk/download/chalk-2.4.2.tgz",
          "dependencies": {
            "ansi-styles": {
              "version": "http://registry.npm.alibaba-inc.com/ansi-styles/download/ansi-styles-3.2.1.tgz",
              "dependencies": {
                "color-convert": {
                  "version": "http://registry.npm.alibaba-inc.com/color-convert/download/color-convert-1.9.3.tgz"
                }
              }
            },
            "escape-string-regexp": {
              "version": "http://registry.npm.alibaba-inc.com/escape-string-regexp/download/escape-string-regexp-1.0.5.tgz"
            },
            "supports-color": {
              "version": "http://registry.npm.alibaba-inc.com/supports-color/download/supports-color-5.5.0.tgz"
            }
          }
        },
        "commander": {
          "version": "http://registry.npm.alibaba-inc.com/commander/download/commander-2.19.0.tgz"
        },
        "diff": {
          "version": "http://registry.npm.alibaba-inc.com/diff/download/diff-3.5.0.tgz"
        },
        "glob": {
          "version": "http://registry.npm.alibaba-inc.com/glob/download/glob-7.1.3.tgz"
        },
        "js-yaml": {
          "version": "http://registry.npm.alibaba-inc.com/js-yaml/download/js-yaml-3.12.1.tgz"
        },
        "minimatch": {
          "version": "http://registry.npm.alibaba-inc.com/minimatch/download/minimatch-3.0.4.tgz",
          "dependencies": {
            "brace-expansion": {
              "version": "http://registry.npm.alibaba-inc.com/brace-expansion/download/brace-expansion-1.1.11.tgz",
              "bundled": true
            }
          }
        },
        "resolve": {
          "version": "http://registry.npm.alibaba-inc.com/resolve/download/resolve-1.10.0.tgz"
        },
        "semver": {
          "version": "http://registry.npm.alibaba-inc.com/semver/download/semver-5.6.0.tgz"
        },
        "tslib": {
          "version": "http://registry.npm.alibaba-inc.com/tslib/download/tslib-1.9.3.tgz"
        },
        "tsutils": {
          "version": "http://registry.npm.alibaba-inc.com/tsutils/download/tsutils-2.29.0.tgz"
        }
      }
    },
    "typescript": {
      "version": "3.3.3",
      "resolved": "http://registry.npm.alibaba-inc.com/typescript/download/typescript-3.3.3.tgz",
      "dev": true
    }
  }
}
